
Microsoft Visual Studio Solution File, Format Version 12.00
# Visual Studio 15
VisualStudioVersion = 15.0.28307.168
MinimumVisualStudioVersion = 10.0.40219.1
Project("{FAE04EC0-301F-11D3-BF4B-00C04F79EFBC}") = "C0726407", "C0726407\C0726407.csproj", "{A8F17E59-B755-4E09-A9F7-C1E246DDD0FC}"
EndProject
Global
	GlobalSection(SolutionConfigurationPlatforms) = preSolution
		Debug|Any CPU = Debug|Any CPU
		Release|Any CPU = Release|Any CPU
	EndGlobalSection
	GlobalSection(ProjectConfigurationPlatforms) = postSolution
		{A8F17E59-B755-4E09-A9F7-C1E246DDD0FC}.Debug|Any CPU.ActiveCfg = Debug|Any CPU
		{A8F17E59-B755-4E09-A9F7-C1E246DDD0FC}.Debug|Any CPU.Build.0 = Debug|Any CPU
		{A8F17E59-B755-4E09-A9F7-C1E246DDD0FC}.Release|Any CPU.ActiveCfg = Release|Any CPU
		{A8F17E59-B755-4E09-A9F7-C1E246DDD0FC}.Release|Any CPU.Build.0 = Release|Any CPU
	EndGlobalSection
	GlobalSection(SolutionProperties) = preSolution
		HideSolutionNode = FALSE
	EndGlobalSection
	GlobalSection(ExtensibilityGlobals) = postSolution
		SolutionGuid = {3C9FEB99-6E5D-4B00-B1D0-F7218B14FF22}
	EndGlobalSection
EndGlobal
